// !$*UTF8*$!
{
	archiveVersion = 1;
	classes = {
	};
	objectVersion = 46;
	objects = {

/* Begin PBXBuildFile section */
		A05E478A1A67EF70009D81B4 /* ViewControllerDestinationLocationSelection.m in Sources */ = {isa = PBXBuildFile; fileRef = A05E47881A67EF70009D81B4 /* ViewControllerDestinationLocationSelection.m */; };
		A05E478B1A67EF70009D81B4 /* ViewControllerDestinationLocationSelection.xib in Resources */ = {isa = PBXBuildFile; fileRef = A05E47891A67EF70009D81B4 /* ViewControllerDestinationLocationSelection.xib */; };
		A05E478F1A67EFA7009D81B4 /* ViewControllerOriginLocationSelection.m in Sources */ = {isa = PBXBuildFile; fileRef = A05E478D1A67EFA7009D81B4 /* ViewControllerOriginLocationSelection.m */; };
		A05E47901A67EFA7009D81B4 /* ViewControllerOriginLocationSelection.xib in Resources */ = {isa = PBXBuildFile; fileRef = A05E478E1A67EFA7009D81B4 /* ViewControllerOriginLocationSelection.xib */; };
		A05E47941A67F00C009D81B4 /* ViewControllerRecentLocationSelection.m in Sources */ = {isa = PBXBuildFile; fileRef = A05E47921A67F00C009D81B4 /* ViewControllerRecentLocationSelection.m */; };
		A05E47951A67F00C009D81B4 /* ViewControllerRecentLocationSelection.xib in Resources */ = {isa = PBXBuildFile; fileRef = A05E47931A67F00C009D81B4 /* ViewControllerRecentLocationSelection.xib */; };
		A05E47991A67F0C8009D81B4 /* ViewControllerCurrentRequestDisplay.m in Sources */ = {isa = PBXBuildFile; fileRef = A05E47971A67F0C8009D81B4 /* ViewControllerCurrentRequestDisplay.m */; };
		A05E479A1A67F0C8009D81B4 /* ViewControllerCurrentRequestDisplay.xib in Resources */ = {isa = PBXBuildFile; fileRef = A05E47981A67F0C8009D81B4 /* ViewControllerCurrentRequestDisplay.xib */; };
		A05E479D1A6858BC009D81B4 /* LocationServices.m in Sources */ = {isa = PBXBuildFile; fileRef = A05E479C1A6858BC009D81B4 /* LocationServices.m */; };
		A06BB2F91A66AD5600B4C138 /* ViewControllerUserSetup.m in Sources */ = {isa = PBXBuildFile; fileRef = A06BB2F71A66AD5600B4C138 /* ViewControllerUserSetup.m */; };
		A06BB2FA1A66AD5600B4C138 /* ViewControllerUserSetup.xib in Resources */ = {isa = PBXBuildFile; fileRef = A06BB2F81A66AD5600B4C138 /* ViewControllerUserSetup.xib */; };
		A06BB2FD1A66B03800B4C138 /* AppBackground-iPad.png in Resources */ = {isa = PBXBuildFile; fileRef = A06BB2FC1A66B03800B4C138 /* AppBackground-iPad.png */; };
		A06BB3011A66B57000B4C138 /* ViewControllerAgencySelection.m in Sources */ = {isa = PBXBuildFile; fileRef = A06BB2FF1A66B57000B4C138 /* ViewControllerAgencySelection.m */; };
		A06BB3021A66B57000B4C138 /* ViewControllerAgencySelection.xib in Resources */ = {isa = PBXBuildFile; fileRef = A06BB3001A66B57000B4C138 /* ViewControllerAgencySelection.xib */; };
		A0C59EE71A604749002A2F89 /* main.m in Sources */ = {isa = PBXBuildFile; fileRef = A0C59EE61A604749002A2F89 /* main.m */; };
		A0C59EEA1A604749002A2F89 /* AppDelegate.m in Sources */ = {isa = PBXBuildFile; fileRef = A0C59EE91A604749002A2F89 /* AppDelegate.m */; };
		A0C59EED1A604749002A2F89 /* ViewController.m in Sources */ = {isa = PBXBuildFile; fileRef = A0C59EEC1A604749002A2F89 /* ViewController.m */; };
		A0C59EF01A604749002A2F89 /* Main.storyboard in Resources */ = {isa = PBXBuildFile; fileRef = A0C59EEE1A604749002A2F89 /* Main.storyboard */; };
		A0C59EF21A604749002A2F89 /* Images.xcassets in Resources */ = {isa = PBXBuildFile; fileRef = A0C59EF11A604749002A2F89 /* Images.xcassets */; };
		A0C59EF51A604749002A2F89 /* LaunchScreen.xib in Resources */ = {isa = PBXBuildFile; fileRef = A0C59EF31A604749002A2F89 /* LaunchScreen.xib */; };
		A0C59F011A60474A002A2F89 /* RemisMDQ_v2Tests.m in Sources */ = {isa = PBXBuildFile; fileRef = A0C59F001A60474A002A2F89 /* RemisMDQ_v2Tests.m */; };
		A0C59F221A604C79002A2F89 /* Agency.m in Sources */ = {isa = PBXBuildFile; fileRef = A0C59F111A604C79002A2F89 /* Agency.m */; };
		A0C59F241A604C79002A2F89 /* Facade.m in Sources */ = {isa = PBXBuildFile; fileRef = A0C59F151A604C79002A2F89 /* Facade.m */; };
		A0C59F251A604C79002A2F89 /* Location.m in Sources */ = {isa = PBXBuildFile; fileRef = A0C59F171A604C79002A2F89 /* Location.m */; };
		A0C59F261A604C79002A2F89 /* MobileApplication.m in Sources */ = {isa = PBXBuildFile; fileRef = A0C59F191A604C79002A2F89 /* MobileApplication.m */; };
		A0C59F271A604C79002A2F89 /* NSString+CustonString.m in Sources */ = {isa = PBXBuildFile; fileRef = A0C59F1B1A604C79002A2F89 /* NSString+CustonString.m */; };
		A0C59F281A604C79002A2F89 /* Request.m in Sources */ = {isa = PBXBuildFile; fileRef = A0C59F1D1A604C79002A2F89 /* Request.m */; };
		A0C59F291A604C79002A2F89 /* User.m in Sources */ = {isa = PBXBuildFile; fileRef = A0C59F1F1A604C79002A2F89 /* User.m */; };
		A0C59F2A1A604C79002A2F89 /* Vehicle.m in Sources */ = {isa = PBXBuildFile; fileRef = A0C59F211A604C79002A2F89 /* Vehicle.m */; };
		A42E3A201A66EC0D001F903F /* Bolts.framework in Frameworks */ = {isa = PBXBuildFile; fileRef = A42E3A191A66EC0D001F903F /* Bolts.framework */; };
		A42E3A211A66EC0D001F903F /* Parse.framework in Frameworks */ = {isa = PBXBuildFile; fileRef = A42E3A1A1A66EC0D001F903F /* Parse.framework */; };
		A42E3A221A66EC0D001F903F /* ParseCrashReporting.framework in Frameworks */ = {isa = PBXBuildFile; fileRef = A42E3A1B1A66EC0D001F903F /* ParseCrashReporting.framework */; };
		A42E3A231A66EC0D001F903F /* ParseFacebookUtils.framework in Frameworks */ = {isa = PBXBuildFile; fileRef = A42E3A1C1A66EC0D001F903F /* ParseFacebookUtils.framework */; };
		A42E3A241A66EC0D001F903F /* ParseUI.framework in Frameworks */ = {isa = PBXBuildFile; fileRef = A42E3A1D1A66EC0D001F903F /* ParseUI.framework */; };
		A42E3A861A66F215001F903F /* SWCellScrollView.m in Sources */ = {isa = PBXBuildFile; fileRef = A42E3A7C1A66F215001F903F /* SWCellScrollView.m */; };
		A42E3A871A66F215001F903F /* SWLongPressGestureRecognizer.m in Sources */ = {isa = PBXBuildFile; fileRef = A42E3A7E1A66F215001F903F /* SWLongPressGestureRecognizer.m */; };
		A42E3A881A66F215001F903F /* SWTableViewCell.m in Sources */ = {isa = PBXBuildFile; fileRef = A42E3A801A66F215001F903F /* SWTableViewCell.m */; };
		A42E3A891A66F215001F903F /* SWUtilityButtonTapGestureRecognizer.m in Sources */ = {isa = PBXBuildFile; fileRef = A42E3A821A66F215001F903F /* SWUtilityButtonTapGestureRecognizer.m */; };
		A42E3A8A1A66F215001F903F /* SWUtilityButtonView.m in Sources */ = {isa = PBXBuildFile; fileRef = A42E3A841A66F215001F903F /* SWUtilityButtonView.m */; };
		A42E3A8D1A66F5D5001F903F /* NSMutableArray+SWUtilityButtons.m in Sources */ = {isa = PBXBuildFile; fileRef = A42E3A8C1A66F5D5001F903F /* NSMutableArray+SWUtilityButtons.m */; };
		A480AFF21A60516800C34F9B /* Screen1ViewController.m in Sources */ = {isa = PBXBuildFile; fileRef = A480AFF01A60516800C34F9B /* Screen1ViewController.m */; };
		A480AFF31A60516800C34F9B /* Screen1ViewController.xib in Resources */ = {isa = PBXBuildFile; fileRef = A480AFF11A60516800C34F9B /* Screen1ViewController.xib */; };
		A480B0031A60522A00C34F9B /* AudioToolbox.framework in Frameworks */ = {isa = PBXBuildFile; fileRef = A480B0021A60522A00C34F9B /* AudioToolbox.framework */; };
		A480B0051A60523100C34F9B /* CFNetwork.framework in Frameworks */ = {isa = PBXBuildFile; fileRef = A480B0041A60523100C34F9B /* CFNetwork.framework */; };
		A480B0071A60523900C34F9B /* CoreGraphics.framework in Frameworks */ = {isa = PBXBuildFile; fileRef = A480B0061A60523900C34F9B /* CoreGraphics.framework */; };
		A480B0091A60524000C34F9B /* CoreLocation.framework in Frameworks */ = {isa = PBXBuildFile; fileRef = A480B0081A60524000C34F9B /* CoreLocation.framework */; };
		A480B00B1A60524800C34F9B /* MobileCoreServices.framework in Frameworks */ = {isa = PBXBuildFile; fileRef = A480B00A1A60524800C34F9B /* MobileCoreServices.framework */; };
		A480B00D1A60525000C34F9B /* QuartzCore.framework in Frameworks */ = {isa = PBXBuildFile; fileRef = A480B00C1A60525000C34F9B /* QuartzCore.framework */; };
		A480B00F1A60525800C34F9B /* Security.framework in Frameworks */ = {isa = PBXBuildFile; fileRef = A480B00E1A60525800C34F9B /* Security.framework */; };
		A480B0111A60526400C34F9B /* StoreKit.framework in Frameworks */ = {isa = PBXBuildFile; fileRef = A480B0101A60526400C34F9B /* StoreKit.framework */; };
		A480B0131A60526E00C34F9B /* SystemConfiguration.framework in Frameworks */ = {isa = PBXBuildFile; fileRef = A480B0121A60526E00C34F9B /* SystemConfiguration.framework */; };
		A480B0151A60527600C34F9B /* libz.dylib in Frameworks */ = {isa = PBXBuildFile; fileRef = A480B0141A60527600C34F9B /* libz.dylib */; };
		A480B0171A60527E00C34F9B /* libsqlite3.dylib in Frameworks */ = {isa = PBXBuildFile; fileRef = A480B0161A60527E00C34F9B /* libsqlite3.dylib */; };
		A48699611A63FC4000C3CE8F /* CellCustomAgency.m in Sources */ = {isa = PBXBuildFile; fileRef = A486995F1A63FC4000C3CE8F /* CellCustomAgency.m */; };
		A48699621A63FC4000C3CE8F /* CellCustomAgency.xib in Resources */ = {isa = PBXBuildFile; fileRef = A48699601A63FC4000C3CE8F /* CellCustomAgency.xib */; };
		A4C81D491A65809F0091DA29 /* CellCustomVehicle.m in Sources */ = {isa = PBXBuildFile; fileRef = A4C81D471A65809F0091DA29 /* CellCustomVehicle.m */; };
		A4C81D4A1A65809F0091DA29 /* CellCustomVehicle.xib in Resources */ = {isa = PBXBuildFile; fileRef = A4C81D481A65809F0091DA29 /* CellCustomVehicle.xib */; };
		A4C81D4E1A659CE30091DA29 /* ViewControllerVehicle.m in Sources */ = {isa = PBXBuildFile; fileRef = A4C81D4C1A659CE30091DA29 /* ViewControllerVehicle.m */; };
		A4C81D4F1A659CE30091DA29 /* ViewControllerVehicle.xib in Resources */ = {isa = PBXBuildFile; fileRef = A4C81D4D1A659CE30091DA29 /* ViewControllerVehicle.xib */; };
/* End PBXBuildFile section */

/* Begin PBXContainerItemProxy section */
		A0C59EFB1A60474A002A2F89 /* PBXContainerItemProxy */ = {
			isa = PBXContainerItemProxy;
			containerPortal = A0C59ED91A604749002A2F89 /* Project object */;
			proxyType = 1;
			remoteGlobalIDString = A0C59EE01A604749002A2F89;
			remoteInfo = "RemisMDQ-v2";
		};
/* End PBXContainerItemProxy section */

/* Begin PBXFileReference section */
		A05E47871A67EF70009D81B4 /* ViewControllerDestinationLocationSelection.h */ = {isa = PBXFileReference; fileEncoding = 4; lastKnownFileType = sourcecode.c.h; path = ViewControllerDestinationLocationSelection.h; sourceTree = "<group>"; };
		A05E47881A67EF70009D81B4 /* ViewControllerDestinationLocationSelection.m */ = {isa = PBXFileReference; fileEncoding = 4; lastKnownFileType = sourcecode.c.objc; path = ViewControllerDestinationLocationSelection.m; sourceTree = "<group>"; };
		A05E47891A67EF70009D81B4 /* ViewControllerDestinationLocationSelection.xib */ = {isa = PBXFileReference; fileEncoding = 4; lastKnownFileType = file.xib; path = ViewControllerDestinationLocationSelection.xib; sourceTree = "<group>"; };
		A05E478C1A67EFA7009D81B4 /* ViewControllerOriginLocationSelection.h */ = {isa = PBXFileReference; fileEncoding = 4; lastKnownFileType = sourcecode.c.h; path = ViewControllerOriginLocationSelection.h; sourceTree = "<group>"; };
		A05E478D1A67EFA7009D81B4 /* ViewControllerOriginLocationSelection.m */ = {isa = PBXFileReference; fileEncoding = 4; lastKnownFileType = sourcecode.c.objc; path = ViewControllerOriginLocationSelection.m; sourceTree = "<group>"; };
		A05E478E1A67EFA7009D81B4 /* ViewControllerOriginLocationSelection.xib */ = {isa = PBXFileReference; fileEncoding = 4; lastKnownFileType = file.xib; path = ViewControllerOriginLocationSelection.xib; sourceTree = "<group>"; };
		A05E47911A67F00C009D81B4 /* ViewControllerRecentLocationSelection.h */ = {isa = PBXFileReference; fileEncoding = 4; lastKnownFileType = sourcecode.c.h; path = ViewControllerRecentLocationSelection.h; sourceTree = "<group>"; };
		A05E47921A67F00C009D81B4 /* ViewControllerRecentLocationSelection.m */ = {isa = PBXFileReference; fileEncoding = 4; lastKnownFileType = sourcecode.c.objc; path = ViewControllerRecentLocationSelection.m; sourceTree = "<group>"; };
		A05E47931A67F00C009D81B4 /* ViewControllerRecentLocationSelection.xib */ = {isa = PBXFileReference; fileEncoding = 4; lastKnownFileType = file.xib; path = ViewControllerRecentLocationSelection.xib; sourceTree = "<group>"; };
		A05E47961A67F0C8009D81B4 /* ViewControllerCurrentRequestDisplay.h */ = {isa = PBXFileReference; fileEncoding = 4; lastKnownFileType = sourcecode.c.h; path = ViewControllerCurrentRequestDisplay.h; sourceTree = "<group>"; };
		A05E47971A67F0C8009D81B4 /* ViewControllerCurrentRequestDisplay.m */ = {isa = PBXFileReference; fileEncoding = 4; lastKnownFileType = sourcecode.c.objc; path = ViewControllerCurrentRequestDisplay.m; sourceTree = "<group>"; };
		A05E47981A67F0C8009D81B4 /* ViewControllerCurrentRequestDisplay.xib */ = {isa = PBXFileReference; fileEncoding = 4; lastKnownFileType = file.xib; path = ViewControllerCurrentRequestDisplay.xib; sourceTree = "<group>"; };
		A05E479B1A6858AC009D81B4 /* LocationServices.h */ = {isa = PBXFileReference; lastKnownFileType = sourcecode.c.h; path = LocationServices.h; sourceTree = "<group>"; };
		A05E479C1A6858BC009D81B4 /* LocationServices.m */ = {isa = PBXFileReference; fileEncoding = 4; lastKnownFileType = sourcecode.c.objc; path = LocationServices.m; sourceTree = "<group>"; };
		A06BB2F61A66AD5600B4C138 /* ViewControllerUserSetup.h */ = {isa = PBXFileReference; fileEncoding = 4; lastKnownFileType = sourcecode.c.h; path = ViewControllerUserSetup.h; sourceTree = "<group>"; };
		A06BB2F71A66AD5600B4C138 /* ViewControllerUserSetup.m */ = {isa = PBXFileReference; fileEncoding = 4; lastKnownFileType = sourcecode.c.objc; path = ViewControllerUserSetup.m; sourceTree = "<group>"; };
		A06BB2F81A66AD5600B4C138 /* ViewControllerUserSetup.xib */ = {isa = PBXFileReference; fileEncoding = 4; lastKnownFileType = file.xib; path = ViewControllerUserSetup.xib; sourceTree = "<group>"; };
		A06BB2FC1A66B03800B4C138 /* AppBackground-iPad.png */ = {isa = PBXFileReference; lastKnownFileType = image.png; name = "AppBackground-iPad.png"; path = "Assets/AppBackground-iPad.png"; sourceTree = "<group>"; };
		A06BB2FE1A66B57000B4C138 /* ViewControllerAgencySelection.h */ = {isa = PBXFileReference; fileEncoding = 4; lastKnownFileType = sourcecode.c.h; name = ViewControllerAgencySelection.h; path = Custom/ViewControllerAgencySelection.h; sourceTree = "<group>"; };
		A06BB2FF1A66B57000B4C138 /* ViewControllerAgencySelection.m */ = {isa = PBXFileReference; fileEncoding = 4; lastKnownFileType = sourcecode.c.objc; name = ViewControllerAgencySelection.m; path = Custom/ViewControllerAgencySelection.m; sourceTree = "<group>"; };
		A06BB3001A66B57000B4C138 /* ViewControllerAgencySelection.xib */ = {isa = PBXFileReference; fileEncoding = 4; lastKnownFileType = file.xib; name = ViewControllerAgencySelection.xib; path = Custom/ViewControllerAgencySelection.xib; sourceTree = "<group>"; };
		A0C59EE11A604749002A2F89 /* RemisMDQ-v2.app */ = {isa = PBXFileReference; explicitFileType = wrapper.application; includeInIndex = 0; path = "RemisMDQ-v2.app"; sourceTree = BUILT_PRODUCTS_DIR; };
		A0C59EE51A604749002A2F89 /* Info.plist */ = {isa = PBXFileReference; lastKnownFileType = text.plist.xml; path = Info.plist; sourceTree = "<group>"; };
		A0C59EE61A604749002A2F89 /* main.m */ = {isa = PBXFileReference; lastKnownFileType = sourcecode.c.objc; path = main.m; sourceTree = "<group>"; };
		A0C59EE81A604749002A2F89 /* AppDelegate.h */ = {isa = PBXFileReference; lastKnownFileType = sourcecode.c.h; path = AppDelegate.h; sourceTree = "<group>"; };
		A0C59EE91A604749002A2F89 /* AppDelegate.m */ = {isa = PBXFileReference; lastKnownFileType = sourcecode.c.objc; path = AppDelegate.m; sourceTree = "<group>"; };
		A0C59EEB1A604749002A2F89 /* ViewController.h */ = {isa = PBXFileReference; lastKnownFileType = sourcecode.c.h; name = ViewController.h; path = ../../ViewController.h; sourceTree = "<group>"; };
		A0C59EEC1A604749002A2F89 /* ViewController.m */ = {isa = PBXFileReference; lastKnownFileType = sourcecode.c.objc; name = ViewController.m; path = ../../ViewController.m; sourceTree = "<group>"; };
		A0C59EEF1A604749002A2F89 /* Base */ = {isa = PBXFileReference; lastKnownFileType = file.storyboard; name = Base; path = Base.lproj/Main.storyboard; sourceTree = "<group>"; };
		A0C59EF11A604749002A2F89 /* Images.xcassets */ = {isa = PBXFileReference; lastKnownFileType = folder.assetcatalog; path = Images.xcassets; sourceTree = "<group>"; };
		A0C59EF41A604749002A2F89 /* Base */ = {isa = PBXFileReference; lastKnownFileType = file.xib; name = Base; path = Base.lproj/LaunchScreen.xib; sourceTree = "<group>"; };
		A0C59EFA1A60474A002A2F89 /* RemisMDQ-v2Tests.xctest */ = {isa = PBXFileReference; explicitFileType = wrapper.cfbundle; includeInIndex = 0; path = "RemisMDQ-v2Tests.xctest"; sourceTree = BUILT_PRODUCTS_DIR; };
		A0C59EFF1A60474A002A2F89 /* Info.plist */ = {isa = PBXFileReference; lastKnownFileType = text.plist.xml; path = Info.plist; sourceTree = "<group>"; };
		A0C59F001A60474A002A2F89 /* RemisMDQ_v2Tests.m */ = {isa = PBXFileReference; lastKnownFileType = sourcecode.c.objc; path = RemisMDQ_v2Tests.m; sourceTree = "<group>"; };
		A0C59F101A604C79002A2F89 /* Agency.h */ = {isa = PBXFileReference; fileEncoding = 4; lastKnownFileType = sourcecode.c.h; path = Agency.h; sourceTree = "<group>"; };
		A0C59F111A604C79002A2F89 /* Agency.m */ = {isa = PBXFileReference; fileEncoding = 4; lastKnownFileType = sourcecode.c.objc; path = Agency.m; sourceTree = "<group>"; };
		A0C59F141A604C79002A2F89 /* Facade.h */ = {isa = PBXFileReference; fileEncoding = 4; lastKnownFileType = sourcecode.c.h; path = Facade.h; sourceTree = "<group>"; };
		A0C59F151A604C79002A2F89 /* Facade.m */ = {isa = PBXFileReference; fileEncoding = 4; lastKnownFileType = sourcecode.c.objc; path = Facade.m; sourceTree = "<group>"; };
		A0C59F161A604C79002A2F89 /* Location.h */ = {isa = PBXFileReference; fileEncoding = 4; lastKnownFileType = sourcecode.c.h; path = Location.h; sourceTree = "<group>"; };
		A0C59F171A604C79002A2F89 /* Location.m */ = {isa = PBXFileReference; fileEncoding = 4; lastKnownFileType = sourcecode.c.objc; path = Location.m; sourceTree = "<group>"; };
		A0C59F181A604C79002A2F89 /* MobileApplication.h */ = {isa = PBXFileReference; fileEncoding = 4; lastKnownFileType = sourcecode.c.h; path = MobileApplication.h; sourceTree = "<group>"; };
		A0C59F191A604C79002A2F89 /* MobileApplication.m */ = {isa = PBXFileReference; fileEncoding = 4; lastKnownFileType = sourcecode.c.objc; path = MobileApplication.m; sourceTree = "<group>"; };
		A0C59F1A1A604C79002A2F89 /* NSString+CustonString.h */ = {isa = PBXFileReference; fileEncoding = 4; lastKnownFileType = sourcecode.c.h; path = "NSString+CustonString.h"; sourceTree = "<group>"; };
		A0C59F1B1A604C79002A2F89 /* NSString+CustonString.m */ = {isa = PBXFileReference; fileEncoding = 4; lastKnownFileType = sourcecode.c.objc; path = "NSString+CustonString.m"; sourceTree = "<group>"; };
		A0C59F1C1A604C79002A2F89 /* Request.h */ = {isa = PBXFileReference; fileEncoding = 4; lastKnownFileType = sourcecode.c.h; path = Request.h; sourceTree = "<group>"; };
		A0C59F1D1A604C79002A2F89 /* Request.m */ = {isa = PBXFileReference; fileEncoding = 4; lastKnownFileType = sourcecode.c.objc; path = Request.m; sourceTree = "<group>"; };
		A0C59F1E1A604C79002A2F89 /* User.h */ = {isa = PBXFileReference; fileEncoding = 4; lastKnownFileType = sourcecode.c.h; path = User.h; sourceTree = "<group>"; };
		A0C59F1F1A604C79002A2F89 /* User.m */ = {isa = PBXFileReference; fileEncoding = 4; lastKnownFileType = sourcecode.c.objc; path = User.m; sourceTree = "<group>"; };
		A0C59F201A604C79002A2F89 /* Vehicle.h */ = {isa = PBXFileReference; fileEncoding = 4; lastKnownFileType = sourcecode.c.h; path = Vehicle.h; sourceTree = "<group>"; };
		A0C59F211A604C79002A2F89 /* Vehicle.m */ = {isa = PBXFileReference; fileEncoding = 4; lastKnownFileType = sourcecode.c.objc; path = Vehicle.m; sourceTree = "<group>"; };
		A42E3A191A66EC0D001F903F /* Bolts.framework */ = {isa = PBXFileReference; lastKnownFileType = wrapper.framework; name = Bolts.framework; path = "parse-library-1.6.1/parse-library-1.6.1/Bolts.framework"; sourceTree = "<group>"; };
		A42E3A1A1A66EC0D001F903F /* Parse.framework */ = {isa = PBXFileReference; lastKnownFileType = wrapper.framework; name = Parse.framework; path = "parse-library-1.6.1/parse-library-1.6.1/Parse.framework"; sourceTree = "<group>"; };
		A42E3A1B1A66EC0D001F903F /* ParseCrashReporting.framework */ = {isa = PBXFileReference; lastKnownFileType = wrapper.framework; name = ParseCrashReporting.framework; path = "parse-library-1.6.1/parse-library-1.6.1/ParseCrashReporting.framework"; sourceTree = "<group>"; };
		A42E3A1C1A66EC0D001F903F /* ParseFacebookUtils.framework */ = {isa = PBXFileReference; lastKnownFileType = wrapper.framework; name = ParseFacebookUtils.framework; path = "parse-library-1.6.1/parse-library-1.6.1/ParseFacebookUtils.framework"; sourceTree = "<group>"; };
		A42E3A1D1A66EC0D001F903F /* ParseUI.framework */ = {isa = PBXFileReference; lastKnownFileType = wrapper.framework; name = ParseUI.framework; path = "parse-library-1.6.1/parse-library-1.6.1/ParseUI.framework"; sourceTree = "<group>"; };
		A42E3A7B1A66F215001F903F /* SWCellScrollView.h */ = {isa = PBXFileReference; fileEncoding = 4; lastKnownFileType = sourcecode.c.h; path = SWCellScrollView.h; sourceTree = "<group>"; };
		A42E3A7C1A66F215001F903F /* SWCellScrollView.m */ = {isa = PBXFileReference; fileEncoding = 4; lastKnownFileType = sourcecode.c.objc; path = SWCellScrollView.m; sourceTree = "<group>"; };
		A42E3A7D1A66F215001F903F /* SWLongPressGestureRecognizer.h */ = {isa = PBXFileReference; fileEncoding = 4; lastKnownFileType = sourcecode.c.h; path = SWLongPressGestureRecognizer.h; sourceTree = "<group>"; };
		A42E3A7E1A66F215001F903F /* SWLongPressGestureRecognizer.m */ = {isa = PBXFileReference; fileEncoding = 4; lastKnownFileType = sourcecode.c.objc; path = SWLongPressGestureRecognizer.m; sourceTree = "<group>"; };
		A42E3A7F1A66F215001F903F /* SWTableViewCell.h */ = {isa = PBXFileReference; fileEncoding = 4; lastKnownFileType = sourcecode.c.h; path = SWTableViewCell.h; sourceTree = "<group>"; };
		A42E3A801A66F215001F903F /* SWTableViewCell.m */ = {isa = PBXFileReference; fileEncoding = 4; lastKnownFileType = sourcecode.c.objc; path = SWTableViewCell.m; sourceTree = "<group>"; };
		A42E3A811A66F215001F903F /* SWUtilityButtonTapGestureRecognizer.h */ = {isa = PBXFileReference; fileEncoding = 4; lastKnownFileType = sourcecode.c.h; path = SWUtilityButtonTapGestureRecognizer.h; sourceTree = "<group>"; };
		A42E3A821A66F215001F903F /* SWUtilityButtonTapGestureRecognizer.m */ = {isa = PBXFileReference; fileEncoding = 4; lastKnownFileType = sourcecode.c.objc; path = SWUtilityButtonTapGestureRecognizer.m; sourceTree = "<group>"; };
		A42E3A831A66F215001F903F /* SWUtilityButtonView.h */ = {isa = PBXFileReference; fileEncoding = 4; lastKnownFileType = sourcecode.c.h; path = SWUtilityButtonView.h; sourceTree = "<group>"; };
		A42E3A841A66F215001F903F /* SWUtilityButtonView.m */ = {isa = PBXFileReference; fileEncoding = 4; lastKnownFileType = sourcecode.c.objc; path = SWUtilityButtonView.m; sourceTree = "<group>"; };
		A42E3A8B1A66F5D5001F903F /* NSMutableArray+SWUtilityButtons.h */ = {isa = PBXFileReference; fileEncoding = 4; lastKnownFileType = sourcecode.c.h; path = "NSMutableArray+SWUtilityButtons.h"; sourceTree = "<group>"; };
		A42E3A8C1A66F5D5001F903F /* NSMutableArray+SWUtilityButtons.m */ = {isa = PBXFileReference; fileEncoding = 4; lastKnownFileType = sourcecode.c.objc; path = "NSMutableArray+SWUtilityButtons.m"; sourceTree = "<group>"; };
		A480AFEF1A60516800C34F9B /* Screen1ViewController.h */ = {isa = PBXFileReference; fileEncoding = 4; lastKnownFileType = sourcecode.c.h; path = Screen1ViewController.h; sourceTree = "<group>"; };
		A480AFF01A60516800C34F9B /* Screen1ViewController.m */ = {isa = PBXFileReference; fileEncoding = 4; lastKnownFileType = sourcecode.c.objc; path = Screen1ViewController.m; sourceTree = "<group>"; };
		A480AFF11A60516800C34F9B /* Screen1ViewController.xib */ = {isa = PBXFileReference; fileEncoding = 4; lastKnownFileType = file.xib; path = Screen1ViewController.xib; sourceTree = "<group>"; };
		A480B0021A60522A00C34F9B /* AudioToolbox.framework */ = {isa = PBXFileReference; lastKnownFileType = wrapper.framework; name = AudioToolbox.framework; path = System/Library/Frameworks/AudioToolbox.framework; sourceTree = SDKROOT; };
		A480B0041A60523100C34F9B /* CFNetwork.framework */ = {isa = PBXFileReference; lastKnownFileType = wrapper.framework; name = CFNetwork.framework; path = System/Library/Frameworks/CFNetwork.framework; sourceTree = SDKROOT; };
		A480B0061A60523900C34F9B /* CoreGraphics.framework */ = {isa = PBXFileReference; lastKnownFileType = wrapper.framework; name = CoreGraphics.framework; path = System/Library/Frameworks/CoreGraphics.framework; sourceTree = SDKROOT; };
		A480B0081A60524000C34F9B /* CoreLocation.framework */ = {isa = PBXFileReference; lastKnownFileType = wrapper.framework; name = CoreLocation.framework; path = System/Library/Frameworks/CoreLocation.framework; sourceTree = SDKROOT; };
		A480B00A1A60524800C34F9B /* MobileCoreServices.framework */ = {isa = PBXFileReference; lastKnownFileType = wrapper.framework; name = MobileCoreServices.framework; path = System/Library/Frameworks/MobileCoreServices.framework; sourceTree = SDKROOT; };
		A480B00C1A60525000C34F9B /* QuartzCore.framework */ = {isa = PBXFileReference; lastKnownFileType = wrapper.framework; name = QuartzCore.framework; path = System/Library/Frameworks/QuartzCore.framework; sourceTree = SDKROOT; };
		A480B00E1A60525800C34F9B /* Security.framework */ = {isa = PBXFileReference; lastKnownFileType = wrapper.framework; name = Security.framework; path = System/Library/Frameworks/Security.framework; sourceTree = SDKROOT; };
		A480B0101A60526400C34F9B /* StoreKit.framework */ = {isa = PBXFileReference; lastKnownFileType = wrapper.framework; name = StoreKit.framework; path = System/Library/Frameworks/StoreKit.framework; sourceTree = SDKROOT; };
		A480B0121A60526E00C34F9B /* SystemConfiguration.framework */ = {isa = PBXFileReference; lastKnownFileType = wrapper.framework; name = SystemConfiguration.framework; path = System/Library/Frameworks/SystemConfiguration.framework; sourceTree = SDKROOT; };
		A480B0141A60527600C34F9B /* libz.dylib */ = {isa = PBXFileReference; lastKnownFileType = "compiled.mach-o.dylib"; name = libz.dylib; path = usr/lib/libz.dylib; sourceTree = SDKROOT; };
		A480B0161A60527E00C34F9B /* libsqlite3.dylib */ = {isa = PBXFileReference; lastKnownFileType = "compiled.mach-o.dylib"; name = libsqlite3.dylib; path = usr/lib/libsqlite3.dylib; sourceTree = SDKROOT; };
		A486995E1A63FC4000C3CE8F /* CellCustomAgency.h */ = {isa = PBXFileReference; fileEncoding = 4; lastKnownFileType = sourcecode.c.h; path = CellCustomAgency.h; sourceTree = "<group>"; };
		A486995F1A63FC4000C3CE8F /* CellCustomAgency.m */ = {isa = PBXFileReference; fileEncoding = 4; lastKnownFileType = sourcecode.c.objc; path = CellCustomAgency.m; sourceTree = "<group>"; };
		A48699601A63FC4000C3CE8F /* CellCustomAgency.xib */ = {isa = PBXFileReference; fileEncoding = 4; lastKnownFileType = file.xib; path = CellCustomAgency.xib; sourceTree = "<group>"; };
		A4C81D461A65809F0091DA29 /* CellCustomVehicle.h */ = {isa = PBXFileReference; fileEncoding = 4; lastKnownFileType = sourcecode.c.h; path = CellCustomVehicle.h; sourceTree = "<group>"; };
		A4C81D471A65809F0091DA29 /* CellCustomVehicle.m */ = {isa = PBXFileReference; fileEncoding = 4; lastKnownFileType = sourcecode.c.objc; path = CellCustomVehicle.m; sourceTree = "<group>"; };
		A4C81D481A65809F0091DA29 /* CellCustomVehicle.xib */ = {isa = PBXFileReference; fileEncoding = 4; lastKnownFileType = file.xib; path = CellCustomVehicle.xib; sourceTree = "<group>"; };
		A4C81D4B1A659CE30091DA29 /* ViewControllerVehicle.h */ = {isa = PBXFileReference; fileEncoding = 4; lastKnownFileType = sourcecode.c.h; path = ViewControllerVehicle.h; sourceTree = "<group>"; };
		A4C81D4C1A659CE30091DA29 /* ViewControllerVehicle.m */ = {isa = PBXFileReference; fileEncoding = 4; lastKnownFileType = sourcecode.c.objc; path = ViewControllerVehicle.m; sourceTree = "<group>"; };
		A4C81D4D1A659CE30091DA29 /* ViewControllerVehicle.xib */ = {isa = PBXFileReference; fileEncoding = 4; lastKnownFileType = file.xib; path = ViewControllerVehicle.xib; sourceTree = "<group>"; };
/* End PBXFileReference section */

/* Begin PBXFrameworksBuildPhase section */
		A0C59EDE1A604749002A2F89 /* Frameworks */ = {
			isa = PBXFrameworksBuildPhase;
			buildActionMask = 2147483647;
			files = (
				A480B0171A60527E00C34F9B /* libsqlite3.dylib in Frameworks */,
				A42E3A201A66EC0D001F903F /* Bolts.framework in Frameworks */,
				A480B0151A60527600C34F9B /* libz.dylib in Frameworks */,
				A480B0131A60526E00C34F9B /* SystemConfiguration.framework in Frameworks */,
				A480B0111A60526400C34F9B /* StoreKit.framework in Frameworks */,
				A480B00F1A60525800C34F9B /* Security.framework in Frameworks */,
				A480B00D1A60525000C34F9B /* QuartzCore.framework in Frameworks */,
				A480B00B1A60524800C34F9B /* MobileCoreServices.framework in Frameworks */,
				A480B0091A60524000C34F9B /* CoreLocation.framework in Frameworks */,
				A480B0071A60523900C34F9B /* CoreGraphics.framework in Frameworks */,
				A480B0051A60523100C34F9B /* CFNetwork.framework in Frameworks */,
				A480B0031A60522A00C34F9B /* AudioToolbox.framework in Frameworks */,
				A42E3A211A66EC0D001F903F /* Parse.framework in Frameworks */,
				A42E3A231A66EC0D001F903F /* ParseFacebookUtils.framework in Frameworks */,
				A42E3A221A66EC0D001F903F /* ParseCrashReporting.framework in Frameworks */,
				A42E3A241A66EC0D001F903F /* ParseUI.framework in Frameworks */,
			);
			runOnlyForDeploymentPostprocessing = 0;
		};
		A0C59EF71A60474A002A2F89 /* Frameworks */ = {
			isa = PBXFrameworksBuildPhase;
			buildActionMask = 2147483647;
			files = (
			);
			runOnlyForDeploymentPostprocessing = 0;
		};
/* End PBXFrameworksBuildPhase section */

/* Begin PBXGroup section */
		A06BB2FB1A66AFDA00B4C138 /* Assets */ = {
			isa = PBXGroup;
			children = (
				A06BB2FC1A66B03800B4C138 /* AppBackground-iPad.png */,
			);
			name = Assets;
			sourceTree = "<group>";
		};
		A0C59ED81A604749002A2F89 = {
			isa = PBXGroup;
			children = (
				A0C59EE31A604749002A2F89 /* RemisMDQ-v2 */,
				A0C59EFD1A60474A002A2F89 /* RemisMDQ-v2Tests */,
				A0C59EE21A604749002A2F89 /* Products */,
			);
			sourceTree = "<group>";
		};
		A0C59EE21A604749002A2F89 /* Products */ = {
			isa = PBXGroup;
			children = (
				A0C59EE11A604749002A2F89 /* RemisMDQ-v2.app */,
				A0C59EFA1A60474A002A2F89 /* RemisMDQ-v2Tests.xctest */,
			);
			name = Products;
			sourceTree = "<group>";
		};
		A0C59EE31A604749002A2F89 /* RemisMDQ-v2 */ = {
			isa = PBXGroup;
			children = (
				A42E3A781A66F215001F903F /* PodFiles */,
				A480AFF41A60517E00C34F9B /* Framework */,
				A480AFED1A60501F00C34F9B /* View */,
				A0C59F0F1A604C79002A2F89 /* Model */,
				A0C59EE81A604749002A2F89 /* AppDelegate.h */,
				A0C59EE91A604749002A2F89 /* AppDelegate.m */,
				A0C59EF11A604749002A2F89 /* Images.xcassets */,
				A0C59EF31A604749002A2F89 /* LaunchScreen.xib */,
				A0C59EE41A604749002A2F89 /* Supporting Files */,
			);
			path = "RemisMDQ-v2";
			sourceTree = "<group>";
		};
		A0C59EE41A604749002A2F89 /* Supporting Files */ = {
			isa = PBXGroup;
			children = (
				A0C59EE51A604749002A2F89 /* Info.plist */,
				A0C59EE61A604749002A2F89 /* main.m */,
			);
			name = "Supporting Files";
			sourceTree = "<group>";
		};
		A0C59EFD1A60474A002A2F89 /* RemisMDQ-v2Tests */ = {
			isa = PBXGroup;
			children = (
				A0C59F001A60474A002A2F89 /* RemisMDQ_v2Tests.m */,
				A0C59EFE1A60474A002A2F89 /* Supporting Files */,
			);
			path = "RemisMDQ-v2Tests";
			sourceTree = "<group>";
		};
		A0C59EFE1A60474A002A2F89 /* Supporting Files */ = {
			isa = PBXGroup;
			children = (
				A0C59EFF1A60474A002A2F89 /* Info.plist */,
			);
			name = "Supporting Files";
			sourceTree = "<group>";
		};
		A0C59F0F1A604C79002A2F89 /* Model */ = {
			isa = PBXGroup;
			children = (
				A0C59F101A604C79002A2F89 /* Agency.h */,
				A0C59F111A604C79002A2F89 /* Agency.m */,
				A0C59F141A604C79002A2F89 /* Facade.h */,
				A0C59F151A604C79002A2F89 /* Facade.m */,
				A0C59F161A604C79002A2F89 /* Location.h */,
				A0C59F171A604C79002A2F89 /* Location.m */,
				A0C59F181A604C79002A2F89 /* MobileApplication.h */,
				A0C59F191A604C79002A2F89 /* MobileApplication.m */,
				A0C59F1A1A604C79002A2F89 /* NSString+CustonString.h */,
				A0C59F1B1A604C79002A2F89 /* NSString+CustonString.m */,
				A0C59F1C1A604C79002A2F89 /* Request.h */,
				A0C59F1D1A604C79002A2F89 /* Request.m */,
				A0C59F1E1A604C79002A2F89 /* User.h */,
				A0C59F1F1A604C79002A2F89 /* User.m */,
				A0C59F201A604C79002A2F89 /* Vehicle.h */,
				A0C59F211A604C79002A2F89 /* Vehicle.m */,
				A05E479B1A6858AC009D81B4 /* LocationServices.h */,
				A05E479C1A6858BC009D81B4 /* LocationServices.m */,
			);
			path = Model;
			sourceTree = "<group>";
		};
		A42E3A781A66F215001F903F /* PodFiles */ = {
			isa = PBXGroup;
			children = (
				A42E3A8B1A66F5D5001F903F /* NSMutableArray+SWUtilityButtons.h */,
				A42E3A8C1A66F5D5001F903F /* NSMutableArray+SWUtilityButtons.m */,
				A42E3A7B1A66F215001F903F /* SWCellScrollView.h */,
				A42E3A7C1A66F215001F903F /* SWCellScrollView.m */,
				A42E3A7D1A66F215001F903F /* SWLongPressGestureRecognizer.h */,
				A42E3A7E1A66F215001F903F /* SWLongPressGestureRecognizer.m */,
				A42E3A7F1A66F215001F903F /* SWTableViewCell.h */,
				A42E3A801A66F215001F903F /* SWTableViewCell.m */,
				A42E3A811A66F215001F903F /* SWUtilityButtonTapGestureRecognizer.h */,
				A42E3A821A66F215001F903F /* SWUtilityButtonTapGestureRecognizer.m */,
				A42E3A831A66F215001F903F /* SWUtilityButtonView.h */,
				A42E3A841A66F215001F903F /* SWUtilityButtonView.m */,
			);
			path = PodFiles;
			sourceTree = "<group>";
		};
		A480AFED1A60501F00C34F9B /* View */ = {
			isa = PBXGroup;
			children = (
				A06BB2FB1A66AFDA00B4C138 /* Assets */,
				A480AFEF1A60516800C34F9B /* Screen1ViewController.h */,
				A480AFF01A60516800C34F9B /* Screen1ViewController.m */,
				A480AFF11A60516800C34F9B /* Screen1ViewController.xib */,
				A480AFEE1A60504A00C34F9B /* Storyboard */,
				A486995D1A63FC1C00C3CE8F /* Custom */,
				A4C81D4B1A659CE30091DA29 /* ViewControllerVehicle.h */,
				A4C81D4C1A659CE30091DA29 /* ViewControllerVehicle.m */,
				A4C81D4D1A659CE30091DA29 /* ViewControllerVehicle.xib */,
				A06BB2F61A66AD5600B4C138 /* ViewControllerUserSetup.h */,
				A06BB2F71A66AD5600B4C138 /* ViewControllerUserSetup.m */,
				A06BB2F81A66AD5600B4C138 /* ViewControllerUserSetup.xib */,
				A06BB2FE1A66B57000B4C138 /* ViewControllerAgencySelection.h */,
				A06BB2FF1A66B57000B4C138 /* ViewControllerAgencySelection.m */,
				A06BB3001A66B57000B4C138 /* ViewControllerAgencySelection.xib */,
				A05E47871A67EF70009D81B4 /* ViewControllerDestinationLocationSelection.h */,
				A05E47881A67EF70009D81B4 /* ViewControllerDestinationLocationSelection.m */,
				A05E47891A67EF70009D81B4 /* ViewControllerDestinationLocationSelection.xib */,
				A05E478C1A67EFA7009D81B4 /* ViewControllerOriginLocationSelection.h */,
				A05E478D1A67EFA7009D81B4 /* ViewControllerOriginLocationSelection.m */,
				A05E478E1A67EFA7009D81B4 /* ViewControllerOriginLocationSelection.xib */,
				A05E47911A67F00C009D81B4 /* ViewControllerRecentLocationSelection.h */,
				A05E47921A67F00C009D81B4 /* ViewControllerRecentLocationSelection.m */,
				A05E47931A67F00C009D81B4 /* ViewControllerRecentLocationSelection.xib */,
				A05E47961A67F0C8009D81B4 /* ViewControllerCurrentRequestDisplay.h */,
				A05E47971A67F0C8009D81B4 /* ViewControllerCurrentRequestDisplay.m */,
				A05E47981A67F0C8009D81B4 /* ViewControllerCurrentRequestDisplay.xib */,
			);
			path = View;
			sourceTree = "<group>";
		};
		A480AFEE1A60504A00C34F9B /* Storyboard */ = {
			isa = PBXGroup;
			children = (
				A0C59EEB1A604749002A2F89 /* ViewController.h */,
				A0C59EEC1A604749002A2F89 /* ViewController.m */,
				A0C59EEE1A604749002A2F89 /* Main.storyboard */,
			);
			path = Storyboard;
			sourceTree = "<group>";
		};
		A480AFF41A60517E00C34F9B /* Framework */ = {
			isa = PBXGroup;
			children = (
				A42E3A191A66EC0D001F903F /* Bolts.framework */,
				A42E3A1A1A66EC0D001F903F /* Parse.framework */,
				A42E3A1B1A66EC0D001F903F /* ParseCrashReporting.framework */,
				A42E3A1C1A66EC0D001F903F /* ParseFacebookUtils.framework */,
				A42E3A1D1A66EC0D001F903F /* ParseUI.framework */,
				A480B0161A60527E00C34F9B /* libsqlite3.dylib */,
				A480B0141A60527600C34F9B /* libz.dylib */,
				A480B0121A60526E00C34F9B /* SystemConfiguration.framework */,
				A480B0101A60526400C34F9B /* StoreKit.framework */,
				A480B00E1A60525800C34F9B /* Security.framework */,
				A480B00C1A60525000C34F9B /* QuartzCore.framework */,
				A480B00A1A60524800C34F9B /* MobileCoreServices.framework */,
				A480B0081A60524000C34F9B /* CoreLocation.framework */,
				A480B0061A60523900C34F9B /* CoreGraphics.framework */,
				A480B0041A60523100C34F9B /* CFNetwork.framework */,
				A480B0021A60522A00C34F9B /* AudioToolbox.framework */,
			);
			path = Framework;
			sourceTree = "<group>";
		};
		A486995D1A63FC1C00C3CE8F /* Custom */ = {
			isa = PBXGroup;
			children = (
				A486995E1A63FC4000C3CE8F /* CellCustomAgency.h */,
				A486995F1A63FC4000C3CE8F /* CellCustomAgency.m */,
				A48699601A63FC4000C3CE8F /* CellCustomAgency.xib */,
				A4C81D461A65809F0091DA29 /* CellCustomVehicle.h */,
				A4C81D471A65809F0091DA29 /* CellCustomVehicle.m */,
				A4C81D481A65809F0091DA29 /* CellCustomVehicle.xib */,
			);
			path = Custom;
			sourceTree = "<group>";
		};
/* End PBXGroup section */

/* Begin PBXNativeTarget section */
		A0C59EE01A604749002A2F89 /* RemisMDQ-v2 */ = {
			isa = PBXNativeTarget;
			buildConfigurationList = A0C59F041A60474A002A2F89 /* Build configuration list for PBXNativeTarget "RemisMDQ-v2" */;
			buildPhases = (
				A0C59EDD1A604749002A2F89 /* Sources */,
				A0C59EDE1A604749002A2F89 /* Frameworks */,
				A0C59EDF1A604749002A2F89 /* Resources */,
			);
			buildRules = (
			);
			dependencies = (
			);
			name = "RemisMDQ-v2";
			productName = "RemisMDQ-v2";
			productReference = A0C59EE11A604749002A2F89 /* RemisMDQ-v2.app */;
			productType = "com.apple.product-type.application";
		};
		A0C59EF91A60474A002A2F89 /* RemisMDQ-v2Tests */ = {
			isa = PBXNativeTarget;
			buildConfigurationList = A0C59F071A60474A002A2F89 /* Build configuration list for PBXNativeTarget "RemisMDQ-v2Tests" */;
			buildPhases = (
				A0C59EF61A60474A002A2F89 /* Sources */,
				A0C59EF71A60474A002A2F89 /* Frameworks */,
				A0C59EF81A60474A002A2F89 /* Resources */,
			);
			buildRules = (
			);
			dependencies = (
				A0C59EFC1A60474A002A2F89 /* PBXTargetDependency */,
			);
			name = "RemisMDQ-v2Tests";
			productName = "RemisMDQ-v2Tests";
			productReference = A0C59EFA1A60474A002A2F89 /* RemisMDQ-v2Tests.xctest */;
			productType = "com.apple.product-type.bundle.unit-test";
		};
/* End PBXNativeTarget section */

/* Begin PBXProject section */
		A0C59ED91A604749002A2F89 /* Project object */ = {
			isa = PBXProject;
			attributes = {
				LastUpgradeCheck = 0610;
				ORGANIZATIONNAME = "Globant iOS MDQ";
				TargetAttributes = {
					A0C59EE01A604749002A2F89 = {
						CreatedOnToolsVersion = 6.1;
						DevelopmentTeam = 332N44E879;
					};
					A0C59EF91A60474A002A2F89 = {
						CreatedOnToolsVersion = 6.1;
						TestTargetID = A0C59EE01A604749002A2F89;
					};
				};
			};
			buildConfigurationList = A0C59EDC1A604749002A2F89 /* Build configuration list for PBXProject "RemisMDQ-v2" */;
			compatibilityVersion = "Xcode 3.2";
			developmentRegion = English;
			hasScannedForEncodings = 0;
			knownRegions = (
				en,
				Base,
			);
			mainGroup = A0C59ED81A604749002A2F89;
			productRefGroup = A0C59EE21A604749002A2F89 /* Products */;
			projectDirPath = "";
			projectRoot = "";
			targets = (
				A0C59EE01A604749002A2F89 /* RemisMDQ-v2 */,
				A0C59EF91A60474A002A2F89 /* RemisMDQ-v2Tests */,
			);
		};
/* End PBXProject section */

/* Begin PBXResourcesBuildPhase section */
		A0C59EDF1A604749002A2F89 /* Resources */ = {
			isa = PBXResourcesBuildPhase;
			buildActionMask = 2147483647;
			files = (
				A06BB3021A66B57000B4C138 /* ViewControllerAgencySelection.xib in Resources */,
				A0C59EF01A604749002A2F89 /* Main.storyboard in Resources */,
				A06BB2FD1A66B03800B4C138 /* AppBackground-iPad.png in Resources */,
				A4C81D4F1A659CE30091DA29 /* ViewControllerVehicle.xib in Resources */,
				A05E47951A67F00C009D81B4 /* ViewControllerRecentLocationSelection.xib in Resources */,
				A05E47901A67EFA7009D81B4 /* ViewControllerOriginLocationSelection.xib in Resources */,
				A4C81D4A1A65809F0091DA29 /* CellCustomVehicle.xib in Resources */,
				A0C59EF51A604749002A2F89 /* LaunchScreen.xib in Resources */,
				A05E478B1A67EF70009D81B4 /* ViewControllerDestinationLocationSelection.xib in Resources */,
				A05E479A1A67F0C8009D81B4 /* ViewControllerCurrentRequestDisplay.xib in Resources */,
				A0C59EF21A604749002A2F89 /* Images.xcassets in Resources */,
				A480AFF31A60516800C34F9B /* Screen1ViewController.xib in Resources */,
				A06BB2FA1A66AD5600B4C138 /* ViewControllerUserSetup.xib in Resources */,
				A48699621A63FC4000C3CE8F /* CellCustomAgency.xib in Resources */,
			);
			runOnlyForDeploymentPostprocessing = 0;
		};
		A0C59EF81A60474A002A2F89 /* Resources */ = {
			isa = PBXResourcesBuildPhase;
			buildActionMask = 2147483647;
			files = (
			);
			runOnlyForDeploymentPostprocessing = 0;
		};
/* End PBXResourcesBuildPhase section */

/* Begin PBXSourcesBuildPhase section */
		A0C59EDD1A604749002A2F89 /* Sources */ = {
			isa = PBXSourcesBuildPhase;
			buildActionMask = 2147483647;
			files = (
				A0C59F281A604C79002A2F89 /* Request.m in Sources */,
				A42E3A861A66F215001F903F /* SWCellScrollView.m in Sources */,
				A48699611A63FC4000C3CE8F /* CellCustomAgency.m in Sources */,
				A42E3A871A66F215001F903F /* SWLongPressGestureRecognizer.m in Sources */,
				A42E3A8D1A66F5D5001F903F /* NSMutableArray+SWUtilityButtons.m in Sources */,
				A06BB3011A66B57000B4C138 /* ViewControllerAgencySelection.m in Sources */,
				A05E479D1A6858BC009D81B4 /* LocationServices.m in Sources */,
				A4C81D4E1A659CE30091DA29 /* ViewControllerVehicle.m in Sources */,
				A0C59F261A604C79002A2F89 /* MobileApplication.m in Sources */,
				A0C59EED1A604749002A2F89 /* ViewController.m in Sources */,
				A05E478F1A67EFA7009D81B4 /* ViewControllerOriginLocationSelection.m in Sources */,
				A42E3A891A66F215001F903F /* SWUtilityButtonTapGestureRecognizer.m in Sources */,
				A0C59EEA1A604749002A2F89 /* AppDelegate.m in Sources */,
				A06BB2F91A66AD5600B4C138 /* ViewControllerUserSetup.m in Sources */,
				A42E3A881A66F215001F903F /* SWTableViewCell.m in Sources */,
				A4C81D491A65809F0091DA29 /* CellCustomVehicle.m in Sources */,
				A0C59F221A604C79002A2F89 /* Agency.m in Sources */,
				A0C59F2A1A604C79002A2F89 /* Vehicle.m in Sources */,
				A480AFF21A60516800C34F9B /* Screen1ViewController.m in Sources */,
				A42E3A8A1A66F215001F903F /* SWUtilityButtonView.m in Sources */,
				A05E47991A67F0C8009D81B4 /* ViewControllerCurrentRequestDisplay.m in Sources */,
				A05E478A1A67EF70009D81B4 /* ViewControllerDestinationLocationSelection.m in Sources */,
				A0C59EE71A604749002A2F89 /* main.m in Sources */,
				A0C59F291A604C79002A2F89 /* User.m in Sources */,
				A0C59F251A604C79002A2F89 /* Location.m in Sources */,
				A0C59F271A604C79002A2F89 /* NSString+CustonString.m in Sources */,
				A0C59F241A604C79002A2F89 /* Facade.m in Sources */,
				A05E47941A67F00C009D81B4 /* ViewControllerRecentLocationSelection.m in Sources */,
			);
			runOnlyForDeploymentPostprocessing = 0;
		};
		A0C59EF61A60474A002A2F89 /* Sources */ = {
			isa = PBXSourcesBuildPhase;
			buildActionMask = 2147483647;
			files = (
				A0C59F011A60474A002A2F89 /* RemisMDQ_v2Tests.m in Sources */,
			);
			runOnlyForDeploymentPostprocessing = 0;
		};
/* End PBXSourcesBuildPhase section */

/* Begin PBXTargetDependency section */
		A0C59EFC1A60474A002A2F89 /* PBXTargetDependency */ = {
			isa = PBXTargetDependency;
			target = A0C59EE01A604749002A2F89 /* RemisMDQ-v2 */;
			targetProxy = A0C59EFB1A60474A002A2F89 /* PBXContainerItemProxy */;
		};
/* End PBXTargetDependency section */

/* Begin PBXVariantGroup section */
		A0C59EEE1A604749002A2F89 /* Main.storyboard */ = {
			isa = PBXVariantGroup;
			children = (
				A0C59EEF1A604749002A2F89 /* Base */,
			);
			name = Main.storyboard;
			path = ../..;
			sourceTree = "<group>";
		};
		A0C59EF31A604749002A2F89 /* LaunchScreen.xib */ = {
			isa = PBXVariantGroup;
			children = (
				A0C59EF41A604749002A2F89 /* Base */,
			);
			name = LaunchScreen.xib;
			sourceTree = "<group>";
		};
/* End PBXVariantGroup section */

/* Begin XCBuildConfiguration section */
		A0C59F021A60474A002A2F89 /* Debug */ = {
			isa = XCBuildConfiguration;
			buildSettings = {
				ALWAYS_SEARCH_USER_PATHS = NO;
				CLANG_CXX_LANGUAGE_STANDARD = "gnu++0x";
				CLANG_CXX_LIBRARY = "libc++";
				CLANG_ENABLE_MODULES = YES;
				CLANG_ENABLE_OBJC_ARC = YES;
				CLANG_WARN_BOOL_CONVERSION = YES;
				CLANG_WARN_CONSTANT_CONVERSION = YES;
				CLANG_WARN_DIRECT_OBJC_ISA_USAGE = YES_ERROR;
				CLANG_WARN_EMPTY_BODY = YES;
				CLANG_WARN_ENUM_CONVERSION = YES;
				CLANG_WARN_INT_CONVERSION = YES;
				CLANG_WARN_OBJC_ROOT_CLASS = YES_ERROR;
				CLANG_WARN_UNREACHABLE_CODE = YES;
				CLANG_WARN__DUPLICATE_METHOD_MATCH = YES;
				"CODE_SIGN_IDENTITY[sdk=iphoneos*]" = "iPhone Developer";
				COPY_PHASE_STRIP = NO;
				ENABLE_STRICT_OBJC_MSGSEND = YES;
				GCC_C_LANGUAGE_STANDARD = gnu99;
				GCC_DYNAMIC_NO_PIC = NO;
				GCC_OPTIMIZATION_LEVEL = 0;
				GCC_PREPROCESSOR_DEFINITIONS = (
					"DEBUG=1",
					"$(inherited)",
				);
				GCC_SYMBOLS_PRIVATE_EXTERN = NO;
				GCC_WARN_64_TO_32_BIT_CONVERSION = YES;
				GCC_WARN_ABOUT_RETURN_TYPE = YES_ERROR;
				GCC_WARN_UNDECLARED_SELECTOR = YES;
				GCC_WARN_UNINITIALIZED_AUTOS = YES_AGGRESSIVE;
				GCC_WARN_UNUSED_FUNCTION = YES;
				GCC_WARN_UNUSED_VARIABLE = YES;
				IPHONEOS_DEPLOYMENT_TARGET = 8.1;
				MTL_ENABLE_DEBUG_INFO = YES;
				ONLY_ACTIVE_ARCH = YES;
				SDKROOT = iphoneos;
				TARGETED_DEVICE_FAMILY = "1,2";
			};
			name = Debug;
		};
		A0C59F031A60474A002A2F89 /* Release */ = {
			isa = XCBuildConfiguration;
			buildSettings = {
				ALWAYS_SEARCH_USER_PATHS = NO;
				CLANG_CXX_LANGUAGE_STANDARD = "gnu++0x";
				CLANG_CXX_LIBRARY = "libc++";
				CLANG_ENABLE_MODULES = YES;
				CLANG_ENABLE_OBJC_ARC = YES;
				CLANG_WARN_BOOL_CONVERSION = YES;
				CLANG_WARN_CONSTANT_CONVERSION = YES;
				CLANG_WARN_DIRECT_OBJC_ISA_USAGE = YES_ERROR;
				CLANG_WARN_EMPTY_BODY = YES;
				CLANG_WARN_ENUM_CONVERSION = YES;
				CLANG_WARN_INT_CONVERSION = YES;
				CLANG_WARN_OBJC_ROOT_CLASS = YES_ERROR;
				CLANG_WARN_UNREACHABLE_CODE = YES;
				CLANG_WARN__DUPLICATE_METHOD_MATCH = YES;
				"CODE_SIGN_IDENTITY[sdk=iphoneos*]" = "iPhone Developer";
				COPY_PHASE_STRIP = YES;
				ENABLE_NS_ASSERTIONS = NO;
				ENABLE_STRICT_OBJC_MSGSEND = YES;
				GCC_C_LANGUAGE_STANDARD = gnu99;
				GCC_WARN_64_TO_32_BIT_CONVERSION = YES;
				GCC_WARN_ABOUT_RETURN_TYPE = YES_ERROR;
				GCC_WARN_UNDECLARED_SELECTOR = YES;
				GCC_WARN_UNINITIALIZED_AUTOS = YES_AGGRESSIVE;
				GCC_WARN_UNUSED_FUNCTION = YES;
				GCC_WARN_UNUSED_VARIABLE = YES;
				IPHONEOS_DEPLOYMENT_TARGET = 8.1;
				MTL_ENABLE_DEBUG_INFO = NO;
				SDKROOT = iphoneos;
				TARGETED_DEVICE_FAMILY = "1,2";
				VALIDATE_PRODUCT = YES;
			};
			name = Release;
		};
		A0C59F051A60474A002A2F89 /* Debug */ = {
			isa = XCBuildConfiguration;
			buildSettings = {
				ASSETCATALOG_COMPILER_APPICON_NAME = AppIcon;
				CODE_SIGN_IDENTITY = "iPhone Developer";
				FRAMEWORK_SEARCH_PATHS = (
					"$(inherited)",
					"$(PROJECT_DIR)/RemisMDQ-v2/Framework/parse-library-1.6.1",
					"$(PROJECT_DIR)/RemisMDQ-v2/Framework/parse-library-1.6.1/parse-library-1.6.1",
				);
				INFOPLIST_FILE = "RemisMDQ-v2/Info.plist";
				IPHONEOS_DEPLOYMENT_TARGET = 7.0;
				LD_RUNPATH_SEARCH_PATHS = "$(inherited) @executable_path/Frameworks";
				PRODUCT_NAME = "$(TARGET_NAME)";
			};
			name = Debug;
		};
		A0C59F061A60474A002A2F89 /* Release */ = {
			isa = XCBuildConfiguration;
			buildSettings = {
				ASSETCATALOG_COMPILER_APPICON_NAME = AppIcon;
				CODE_SIGN_IDENTITY = "iPhone Developer";
				FRAMEWORK_SEARCH_PATHS = (
					"$(inherited)",
					"$(PROJECT_DIR)/RemisMDQ-v2/Framework/parse-library-1.6.1",
					"$(PROJECT_DIR)/RemisMDQ-v2/Framework/parse-library-1.6.1/parse-library-1.6.1",
				);
				INFOPLIST_FILE = "RemisMDQ-v2/Info.plist";
				IPHONEOS_DEPLOYMENT_TARGET = 7.0;
				LD_RUNPATH_SEARCH_PATHS = "$(inherited) @executable_path/Frameworks";
				PRODUCT_NAME = "$(TARGET_NAME)";
			};
			name = Release;
		};
		A0C59F081A60474A002A2F89 /* Debug */ = {
			isa = XCBuildConfiguration;
			buildSettings = {
				BUNDLE_LOADER = "$(TEST_HOST)";
				FRAMEWORK_SEARCH_PATHS = (
					"$(SDKROOT)/Developer/Library/Frameworks",
					"$(inherited)",
				);
				GCC_PREPROCESSOR_DEFINITIONS = (
					"DEBUG=1",
					"$(inherited)",
				);
				INFOPLIST_FILE = "RemisMDQ-v2Tests/Info.plist";
				LD_RUNPATH_SEARCH_PATHS = "$(inherited) @executable_path/Frameworks @loader_path/Frameworks";
				PRODUCT_NAME = "$(TARGET_NAME)";
				TEST_HOST = "$(BUILT_PRODUCTS_DIR)/RemisMDQ-v2.app/RemisMDQ-v2";
			};
			name = Debug;
		};
		A0C59F091A60474A002A2F89 /* Release */ = {
			isa = XCBuildConfiguration;
			buildSettings = {
				BUNDLE_LOADER = "$(TEST_HOST)";
				FRAMEWORK_SEARCH_PATHS = (
					"$(SDKROOT)/Developer/Library/Frameworks",
					"$(inherited)",
				);
				INFOPLIST_FILE = "RemisMDQ-v2Tests/Info.plist";
				LD_RUNPATH_SEARCH_PATHS = "$(inherited) @executable_path/Frameworks @loader_path/Frameworks";
				PRODUCT_NAME = "$(TARGET_NAME)";
				TEST_HOST = "$(BUILT_PRODUCTS_DIR)/RemisMDQ-v2.app/RemisMDQ-v2";
			};
			name = Release;
		};
/* End XCBuildConfiguration section */

/* Begin XCConfigurationList section */
		A0C59EDC1A604749002A2F89 /* Build configuration list for PBXProject "RemisMDQ-v2" */ = {
			isa = XCConfigurationList;
			buildConfigurations = (
				A0C59F021A60474A002A2F89 /* Debug */,
				A0C59F031A60474A002A2F89 /* Release */,
			);
			defaultConfigurationIsVisible = 0;
			defaultConfigurationName = Release;
		};
		A0C59F041A60474A002A2F89 /* Build configuration list for PBXNativeTarget "RemisMDQ-v2" */ = {
			isa = XCConfigurationList;
			buildConfigurations = (
				A0C59F051A60474A002A2F89 /* Debug */,
				A0C59F061A60474A002A2F89 /* Release */,
			);
			defaultConfigurationIsVisible = 0;
			defaultConfigurationName = Release;
		};
		A0C59F071A60474A002A2F89 /* Build configuration list for PBXNativeTarget "RemisMDQ-v2Tests" */ = {
			isa = XCConfigurationList;
			buildConfigurations = (
				A0C59F081A60474A002A2F89 /* Debug */,
				A0C59F091A60474A002A2F89 /* Release */,
			);
			defaultConfigurationIsVisible = 0;
			defaultConfigurationName = Release;
		};
/* End XCConfigurationList section */
	};
	rootObject = A0C59ED91A604749002A2F89 /* Project object */;
}
